Microsoft Visual Studio Solution File, Format Version 12.00
# Visual Studio 2012
Project("{FAE04EC0-301F-11D3-BF4B-00C04F79EFBC}") = "ELogger", "ELogger.csproj", "{B25A4035-95FB-4AEB-934E-DAC6340E2D2C}"
EndProject
Global
	GlobalSection(SolutionConfigurationPlatforms) = preSolution
	Debug|Any CPU = Debug|Any CPU
	ExportDebug|Any CPU = ExportDebug|Any CPU
	ExportRelease|Any CPU = ExportRelease|Any CPU
	EndGlobalSection
	GlobalSection(ProjectConfigurationPlatforms) = postSolution
		{B25A4035-95FB-4AEB-934E-DAC6340E2D2C}.Debug|Any CPU.ActiveCfg = Debug|Any CPU
		{B25A4035-95FB-4AEB-934E-DAC6340E2D2C}.Debug|Any CPU.Build.0 = Debug|Any CPU
		{B25A4035-95FB-4AEB-934E-DAC6340E2D2C}.ExportDebug|Any CPU.ActiveCfg = ExportDebug|Any CPU
		{B25A4035-95FB-4AEB-934E-DAC6340E2D2C}.ExportDebug|Any CPU.Build.0 = ExportDebug|Any CPU
		{B25A4035-95FB-4AEB-934E-DAC6340E2D2C}.ExportRelease|Any CPU.ActiveCfg = ExportRelease|Any CPU
		{B25A4035-95FB-4AEB-934E-DAC6340E2D2C}.ExportRelease|Any CPU.Build.0 = ExportRelease|Any CPU
	EndGlobalSection
EndGlobal
